
Microsoft Visual Studio Solution File, Format Version 12.00
# Visual Studio Version 16
VisualStudioVersion = 16.0.32413.511
MinimumVisualStudioVersion = 10.0.40219.1
Project("{FAE04EC0-301F-11D3-BF4B-00C04F79EFBC}") = "Path Sum II", "Path Sum II\Path Sum II.csproj", "{B5175392-A120-4D9C-8B1B-BEDA47040F9E}"
EndProject
Global
	GlobalSection(SolutionConfigurationPlatforms) = preSolution
		Debug|Any CPU = Debug|Any CPU
		Release|Any CPU = Release|Any CPU
	EndGlobalSection
	GlobalSection(ProjectConfigurationPlatforms) = postSolution
		{B5175392-A120-4D9C-8B1B-BEDA47040F9E}.Debug|Any CPU.ActiveCfg = Debug|Any CPU
		{B5175392-A120-4D9C-8B1B-BEDA47040F9E}.Debug|Any CPU.Build.0 = Debug|Any CPU
		{B5175392-A120-4D9C-8B1B-BEDA47040F9E}.Release|Any CPU.ActiveCfg = Release|Any CPU
		{B5175392-A120-4D9C-8B1B-BEDA47040F9E}.Release|Any CPU.Build.0 = Release|Any CPU
	EndGlobalSection
	GlobalSection(SolutionProperties) = preSolution
		HideSolutionNode = FALSE
	EndGlobalSection
	GlobalSection(ExtensibilityGlobals) = postSolution
		SolutionGuid = {FF6B33C5-0CCC-4C4E-B394-1C6941C459C3}
	EndGlobalSection
EndGlobal
